
Microsoft Visual Studio Solution File, Format Version 12.00
# Visual Studio Version 17
VisualStudioVersion = 17.14.36603.0 d17.14
MinimumVisualStudioVersion = 10.0.40219.1
Project("{FAE04EC0-301F-11D3-BF4B-00C04F79EFBC}") = "ConsoleApp2", "ConsoleApp2\ConsoleApp2.csproj", "{EEFE4B20-634F-45A0-B47C-86BC36BCC0EF}"
EndProject
Global
	GlobalSection(SolutionConfigurationPlatforms) = preSolution
		Debug|Any CPU = Debug|Any CPU
		Release|Any CPU = Release|Any CPU
	EndGlobalSection
	GlobalSection(ProjectConfigurationPlatforms) = postSolution
		{EEFE4B20-634F-45A0-B47C-86BC36BCC0EF}.Debug|Any CPU.ActiveCfg = Debug|Any CPU
		{EEFE4B20-634F-45A0-B47C-86BC36BCC0EF}.Debug|Any CPU.Build.0 = Debug|Any CPU
		{EEFE4B20-634F-45A0-B47C-86BC36BCC0EF}.Release|Any CPU.ActiveCfg = Release|Any CPU
		{EEFE4B20-634F-45A0-B47C-86BC36BCC0EF}.Release|Any CPU.Build.0 = Release|Any CPU
	EndGlobalSection
	GlobalSection(SolutionProperties) = preSolution
		HideSolutionNode = FALSE
	EndGlobalSection
	GlobalSection(ExtensibilityGlobals) = postSolution
		SolutionGuid = {AD3CFB4B-E416-4211-B25A-3BEBD3DA5C62}
	EndGlobalSection
EndGlobal
